
Microsoft Visual Studio Solution File, Format Version 12.00
# Visual Studio 15
VisualStudioVersion = 15.0.28307.136
MinimumVisualStudioVersion = 10.0.40219.1
Project("{8BC9CEB8-8B4A-11D0-8D11-00A0C91BC942}") = "qcache", "qcache\qcache.vcxproj", "{1082835A-1459-4D64-A2C4-E58A2F1F4537}"
EndProject
Project("{8BC9CEB8-8B4A-11D0-8D11-00A0C91BC942}") = "qcachecmd", "qcachecmd\qcachecmd.vcxproj", "{C2F36DFF-583B-469B-9AF9-EAABB8B578C8}"
EndProject
Project("{8BC9CEB8-8B4A-11D0-8D11-00A0C91BC942}") = "scsichk", "scsichk\scsichk.vcxproj", "{D39C1884-72B0-44EE-A37A-70F77B452237}"
EndProject
Project("{8BC9CEB8-8B4A-11D0-8D11-00A0C91BC942}") = "scsilog", "scsilog\scsilog.vcxproj", "{1987FD8F-C830-4AC5-9150-56F78A9A6129}"
EndProject
Global
	GlobalSection(SolutionConfigurationPlatforms) = preSolution
		Debug|ARM = Debug|ARM
		Debug|ARM64 = Debug|ARM64
		Debug|Win32 = Debug|Win32
		Debug|x64 = Debug|x64
		Release|ARM = Release|ARM
		Release|ARM64 = Release|ARM64
		Release|Win32 = Release|Win32
		Release|x64 = Release|x64
		Win7 Debug|ARM = Win7 Debug|ARM
		Win7 Debug|ARM64 = Win7 Debug|ARM64
		Win7 Debug|Win32 = Win7 Debug|Win32
		Win7 Debug|x64 = Win7 Debug|x64
		Win7 Release|ARM = Win7 Release|ARM
		Win7 Release|ARM64 = Win7 Release|ARM64
		Win7 Release|Win32 = Win7 Release|Win32
		Win7 Release|x64 = Win7 Release|x64
		Win8 Debug|ARM = Win8 Debug|ARM
		Win8 Debug|ARM64 = Win8 Debug|ARM64
		Win8 Debug|Win32 = Win8 Debug|Win32
		Win8 Debug|x64 = Win8 Debug|x64
		Win8 Release|ARM = Win8 Release|ARM
		Win8 Release|ARM64 = Win8 Release|ARM64
		Win8 Release|Win32 = Win8 Release|Win32
		Win8 Release|x64 = Win8 Release|x64
		Win8.1 Debug|ARM = Win8.1 Debug|ARM
		Win8.1 Debug|ARM64 = Win8.1 Debug|ARM64
		Win8.1 Debug|Win32 = Win8.1 Debug|Win32
		Win8.1 Debug|x64 = Win8.1 Debug|x64
		Win8.1 Release|ARM = Win8.1 Release|ARM
		Win8.1 Release|ARM64 = Win8.1 Release|ARM64
		Win8.1 Release|Win32 = Win8.1 Release|Win32
		Win8.1 Release|x64 = Win8.1 Release|x64
	EndGlobalSection
	GlobalSection(ProjectConfigurationPlatforms) = postSolution
		{1082835A-1459-4D64-A2C4-E58A2F1F4537}.Debug|ARM.ActiveCfg = Win8.1 Release|x64
		{1082835A-1459-4D64-A2C4-E58A2F1F4537}.Debug|ARM.Build.0 = Win8.1 Release|x64
		{1082835A-1459-4D64-A2C4-E58A2F1F4537}.Debug|ARM.Deploy.0 = Win8.1 Release|x64
		{1082835A-1459-4D64-A2C4-E58A2F1F4537}.Debug|ARM64.ActiveCfg = Win8.1 Release|x64
		{1082835A-1459-4D64-A2C4-E58A2F1F4537}.Debug|ARM64.Build.0 = Win8.1 Release|x64
		{1082835A-1459-4D64-A2C4-E58A2F1F4537}.Debug|ARM64.Deploy.0 = Win8.1 Release|x64
		{1082835A-1459-4D64-A2C4-E58A2F1F4537}.Debug|Win32.ActiveCfg = Win8.1 Debug|Win32
		{1082835A-1459-4D64-A2C4-E58A2F1F4537}.Debug|Win32.Build.0 = Win8.1 Debug|Win32
		{1082835A-1459-4D64-A2C4-E58A2F1F4537}.Debug|Win32.Deploy.0 = Win8.1 Debug|Win32
		{1082835A-1459-4D64-A2C4-E58A2F1F4537}.Debug|x64.ActiveCfg = Win8.1 Debug|x64
		{1082835A-1459-4D64-A2C4-E58A2F1F4537}.Debug|x64.Build.0 = Win8.1 Debug|x64
		{1082835A-1459-4D64-A2C4-E58A2F1F4537}.Debug|x64.Deploy.0 = Win8.1 Debug|x64
		{1082835A-1459-4D64-A2C4-E58A2F1F4537}.Release|ARM.ActiveCfg = Win8.1 Release|x64
		{1082835A-1459-4D64-A2C4-E58A2F1F4537}.Release|ARM.Build.0 = Win8.1 Release|x64
		{1082835A-1459-4D64-A2C4-E58A2F1F4537}.Release|ARM.Deploy.0 = Win8.1 Release|x64
		{1082835A-1459-4D64-A2C4-E58A2F1F4537}.Release|ARM64.ActiveCfg = Win8.1 Release|x64
		{1082835A-1459-4D64-A2C4-E58A2F1F4537}.Release|ARM64.Build.0 = Win8.1 Release|x64
		{1082835A-1459-4D64-A2C4-E58A2F1F4537}.Release|ARM64.Deploy.0 = Win8.1 Release|x64
		{1082835A-1459-4D64-A2C4-E58A2F1F4537}.Release|Win32.ActiveCfg = Win8.1 Release|Win32
		{1082835A-1459-4D64-A2C4-E58A2F1F4537}.Release|Win32.Build.0 = Win8.1 Release|Win32
		{1082835A-1459-4D64-A2C4-E58A2F1F4537}.Release|Win32.Deploy.0 = Win8.1 Release|Win32
		{1082835A-1459-4D64-A2C4-E58A2F1F4537}.Release|x64.ActiveCfg = Win8.1 Release|x64
		{1082835A-1459-4D64-A2C4-E58A2F1F4537}.Release|x64.Build.0 = Win8.1 Release|x64
		{1082835A-1459-4D64-A2C4-E58A2F1F4537}.Release|x64.Deploy.0 = Win8.1 Release|x64
		{1082835A-1459-4D64-A2C4-E58A2F1F4537}.Win7 Debug|ARM.ActiveCfg = Win7 Debug|Win32
		{1082835A-1459-4D64-A2C4-E58A2F1F4537}.Win7 Debug|ARM64.ActiveCfg = Win7 Debug|Win32
		{1082835A-1459-4D64-A2C4-E58A2F1F4537}.Win7 Debug|Win32.ActiveCfg = Win7 Debug|Win32
		{1082835A-1459-4D64-A2C4-E58A2F1F4537}.Win7 Debug|Win32.Build.0 = Win7 Debug|Win32
		{1082835A-1459-4D64-A2C4-E58A2F1F4537}.Win7 Debug|Win32.Deploy.0 = Win7 Debug|Win32
		{1082835A-1459-4D64-A2C4-E58A2F1F4537}.Win7 Debug|x64.ActiveCfg = Win7 Debug|x64
		{1082835A-1459-4D64-A2C4-E58A2F1F4537}.Win7 Debug|x64.Build.0 = Win7 Debug|x64
		{1082835A-1459-4D64-A2C4-E58A2F1F4537}.Win7 Debug|x64.Deploy.0 = Win7 Debug|x64
		{1082835A-1459-4D64-A2C4-E58A2F1F4537}.Win7 Release|ARM.ActiveCfg = Win7 Release|Win32
		{1082835A-1459-4D64-A2C4-E58A2F1F4537}.Win7 Release|ARM64.ActiveCfg = Win7 Release|Win32
		{1082835A-1459-4D64-A2C4-E58A2F1F4537}.Win7 Release|Win32.ActiveCfg = Win7 Release|Win32
		{1082835A-1459-4D64-A2C4-E58A2F1F4537}.Win7 Release|Win32.Build.0 = Win7 Release|Win32
		{1082835A-1459-4D64-A2C4-E58A2F1F4537}.Win7 Release|Win32.Deploy.0 = Win7 Release|Win32
		{1082835A-1459-4D64-A2C4-E58A2F1F4537}.Win7 Release|x64.ActiveCfg = Win7 Release|x64
		{1082835A-1459-4D64-A2C4-E58A2F1F4537}.Win7 Release|x64.Build.0 = Win7 Release|x64
		{1082835A-1459-4D64-A2C4-E58A2F1F4537}.Win7 Release|x64.Deploy.0 = Win7 Release|x64
		{1082835A-1459-4D64-A2C4-E58A2F1F4537}.Win8 Debug|ARM.ActiveCfg = Win8 Debug|Win32
		{1082835A-1459-4D64-A2C4-E58A2F1F4537}.Win8 Debug|ARM64.ActiveCfg = Win8 Debug|Win32
		{1082835A-1459-4D64-A2C4-E58A2F1F4537}.Win8 Debug|Win32.ActiveCfg = Win8 Debug|Win32
		{1082835A-1459-4D64-A2C4-E58A2F1F4537}.Win8 Debug|Win32.Build.0 = Win8 Debug|Win32
		{1082835A-1459-4D64-A2C4-E58A2F1F4537}.Win8 Debug|Win32.Deploy.0 = Win8 Debug|Win32
		{1082835A-1459-4D64-A2C4-E58A2F1F4537}.Win8 Debug|x64.ActiveCfg = Win8 Debug|x64
		{1082835A-1459-4D64-A2C4-E58A2F1F4537}.Win8 Debug|x64.Build.0 = Win8 Debug|x64
		{1082835A-1459-4D64-A2C4-E58A2F1F4537}.Win8 Debug|x64.Deploy.0 = Win8 Debug|x64
		{1082835A-1459-4D64-A2C4-E58A2F1F4537}.Win8 Release|ARM.ActiveCfg = Win8 Release|Win32
		{1082835A-1459-4D64-A2C4-E58A2F1F4537}.Win8 Release|ARM64.ActiveCfg = Win8 Release|Win32
		{1082835A-1459-4D64-A2C4-E58A2F1F4537}.Win8 Release|Win32.ActiveCfg = Win8 Release|Win32
		{1082835A-1459-4D64-A2C4-E58A2F1F4537}.Win8 Release|Win32.Build.0 = Win8 Release|Win32
		{1082835A-1459-4D64-A2C4-E58A2F1F4537}.Win8 Release|Win32.Deploy.0 = Win8 Release|Win32
		{1082835A-1459-4D64-A2C4-E58A2F1F4537}.Win8 Release|x64.ActiveCfg = Win8 Release|x64
		{1082835A-1459-4D64-A2C4-E58A2F1F4537}.Win8 Release|x64.Build.0 = Win8 Release|x64
		{1082835A-1459-4D64-A2C4-E58A2F1F4537}.Win8 Release|x64.Deploy.0 = Win8 Release|x64
		{1082835A-1459-4D64-A2C4-E58A2F1F4537}.Win8.1 Debug|ARM.ActiveCfg = Win8.1 Debug|Win32
		{1082835A-1459-4D64-A2C4-E58A2F1F4537}.Win8.1 Debug|ARM64.ActiveCfg = Win8.1 Debug|Win32
		{1082835A-1459-4D64-A2C4-E58A2F1F4537}.Win8.1 Debug|Win32.ActiveCfg = Win8.1 Debug|Win32
		{1082835A-1459-4D64-A2C4-E58A2F1F4537}.Win8.1 Debug|Win32.Build.0 = Win8.1 Debug|Win32
		{1082835A-1459-4D64-A2C4-E58A2F1F4537}.Win8.1 Debug|Win32.Deploy.0 = Win8.1 Debug|Win32
		{1082835A-1459-4D64-A2C4-E58A2F1F4537}.Win8.1 Debug|x64.ActiveCfg = Win8.1 Debug|x64
		{1082835A-1459-4D64-A2C4-E58A2F1F4537}.Win8.1 Debug|x64.Build.0 = Win8.1 Debug|x64
		{1082835A-1459-4D64-A2C4-E58A2F1F4537}.Win8.1 Debug|x64.Deploy.0 = Win8.1 Debug|x64
		{1082835A-1459-4D64-A2C4-E58A2F1F4537}.Win8.1 Release|ARM.ActiveCfg = Win8.1 Release|Win32
		{1082835A-1459-4D64-A2C4-E58A2F1F4537}.Win8.1 Release|ARM64.ActiveCfg = Win8.1 Release|Win32
		{1082835A-1459-4D64-A2C4-E58A2F1F4537}.Win8.1 Release|Win32.ActiveCfg = Win8.1 Release|Win32
		{1082835A-1459-4D64-A2C4-E58A2F1F4537}.Win8.1 Release|Win32.Build.0 = Win8.1 Release|Win32
		{1082835A-1459-4D64-A2C4-E58A2F1F4537}.Win8.1 Release|Win32.Deploy.0 = Win8.1 Release|Win32
		{1082835A-1459-4D64-A2C4-E58A2F1F4537}.Win8.1 Release|x64.ActiveCfg = Win8.1 Release|x64
		{1082835A-1459-4D64-A2C4-E58A2F1F4537}.Win8.1 Release|x64.Build.0 = Win8.1 Release|x64
		{1082835A-1459-4D64-A2C4-E58A2F1F4537}.Win8.1 Release|x64.Deploy.0 = Win8.1 Release|x64
		{C2F36DFF-583B-469B-9AF9-EAABB8B578C8}.Debug|ARM.ActiveCfg = Win8.1 Release|x64
		{C2F36DFF-583B-469B-9AF9-EAABB8B578C8}.Debug|ARM.Build.0 = Win8.1 Release|x64
		{C2F36DFF-583B-469B-9AF9-EAABB8B578C8}.Debug|ARM64.ActiveCfg = Win8.1 Release|x64
		{C2F36DFF-583B-469B-9AF9-EAABB8B578C8}.Debug|ARM64.Build.0 = Win8.1 Release|x64
		{C2F36DFF-583B-469B-9AF9-EAABB8B578C8}.Debug|Win32.ActiveCfg = Win8.1 Debug|Win32
		{C2F36DFF-583B-469B-9AF9-EAABB8B578C8}.Debug|Win32.Build.0 = Win8.1 Debug|Win32
		{C2F36DFF-583B-469B-9AF9-EAABB8B578C8}.Debug|x64.ActiveCfg = Win8.1 Debug|x64
		{C2F36DFF-583B-469B-9AF9-EAABB8B578C8}.Debug|x64.Build.0 = Win8.1 Debug|x64
		{C2F36DFF-583B-469B-9AF9-EAABB8B578C8}.Release|ARM.ActiveCfg = Win8.1 Release|x64
		{C2F36DFF-583B-469B-9AF9-EAABB8B578C8}.Release|ARM.Build.0 = Win8.1 Release|x64
		{C2F36DFF-583B-469B-9AF9-EAABB8B578C8}.Release|ARM64.ActiveCfg = Win8.1 Release|x64
		{C2F36DFF-583B-469B-9AF9-EAABB8B578C8}.Release|ARM64.Build.0 = Win8.1 Release|x64
		{C2F36DFF-583B-469B-9AF9-EAABB8B578C8}.Release|Win32.ActiveCfg = Win8.1 Release|Win32
		{C2F36DFF-583B-469B-9AF9-EAABB8B578C8}.Release|Win32.Build.0 = Win8.1 Release|Win32
		{C2F36DFF-583B-469B-9AF9-EAABB8B578C8}.Release|x64.ActiveCfg = Win8.1 Release|x64
		{C2F36DFF-583B-469B-9AF9-EAABB8B578C8}.Release|x64.Build.0 = Win8.1 Release|x64
		{C2F36DFF-583B-469B-9AF9-EAABB8B578C8}.Win7 Debug|ARM.ActiveCfg = Win7 Debug|Win32
		{C2F36DFF-583B-469B-9AF9-EAABB8B578C8}.Win7 Debug|ARM64.ActiveCfg = Win7 Debug|Win32
		{C2F36DFF-583B-469B-9AF9-EAABB8B578C8}.Win7 Debug|Win32.ActiveCfg = Win7 Debug|Win32
		{C2F36DFF-583B-469B-9AF9-EAABB8B578C8}.Win7 Debug|Win32.Build.0 = Win7 Debug|Win32
		{C2F36DFF-583B-469B-9AF9-EAABB8B578C8}.Win7 Debug|Win32.Deploy.0 = Win7 Debug|Win32
		{C2F36DFF-583B-469B-9AF9-EAABB8B578C8}.Win7 Debug|x64.ActiveCfg = Win7 Debug|x64
		{C2F36DFF-583B-469B-9AF9-EAABB8B578C8}.Win7 Debug|x64.Build.0 = Win7 Debug|x64
		{C2F36DFF-583B-469B-9AF9-EAABB8B578C8}.Win7 Debug|x64.Deploy.0 = Win7 Debug|x64
		{C2F36DFF-583B-469B-9AF9-EAABB8B578C8}.Win7 Release|ARM.ActiveCfg = Win7 Release|Win32
		{C2F36DFF-583B-469B-9AF9-EAABB8B578C8}.Win7 Release|ARM64.ActiveCfg = Win7 Release|Win32
		{C2F36DFF-583B-469B-9AF9-EAABB8B578C8}.Win7 Release|Win32.ActiveCfg = Win7 Release|Win32
		{C2F36DFF-583B-469B-9AF9-EAABB8B578C8}.Win7 Release|Win32.Build.0 = Win7 Release|Win32
		{C2F36DFF-583B-469B-9AF9-EAABB8B578C8}.Win7 Release|Win32.Deploy.0 = Win7 Release|Win32
		{C2F36DFF-583B-469B-9AF9-EAABB8B578C8}.Win7 Release|x64.ActiveCfg = Win7 Release|x64
		{C2F36DFF-583B-469B-9AF9-EAABB8B578C8}.Win7 Release|x64.Build.0 = Win7 Release|x64
		{C2F36DFF-583B-469B-9AF9-EAABB8B578C8}.Win7 Release|x64.Deploy.0 = Win7 Release|x64
		{C2F36DFF-583B-469B-9AF9-EAABB8B578C8}.Win8 Debug|ARM.ActiveCfg = Win8 Debug|Win32
		{C2F36DFF-583B-469B-9AF9-EAABB8B578C8}.Win8 Debug|ARM64.ActiveCfg = Win8 Debug|Win32
		{C2F36DFF-583B-469B-9AF9-EAABB8B578C8}.Win8 Debug|Win32.ActiveCfg = Win8 Debug|Win32
		{C2F36DFF-583B-469B-9AF9-EAABB8B578C8}.Win8 Debug|Win32.Build.0 = Win8 Debug|Win32
		{C2F36DFF-583B-469B-9AF9-EAABB8B578C8}.Win8 Debug|Win32.Deploy.0 = Win8 Debug|Win32
		{C2F36DFF-583B-469B-9AF9-EAABB8B578C8}.Win8 Debug|x64.ActiveCfg = Win8 Debug|x64
		{C2F36DFF-583B-469B-9AF9-EAABB8B578C8}.Win8 Debug|x64.Build.0 = Win8 Debug|x64
		{C2F36DFF-583B-469B-9AF9-EAABB8B578C8}.Win8 Debug|x64.Deploy.0 = Win8 Debug|x64
		{C2F36DFF-583B-469B-9AF9-EAABB8B578C8}.Win8 Release|ARM.ActiveCfg = Win8 Release|Win32
		{C2F36DFF-583B-469B-9AF9-EAABB8B578C8}.Win8 Release|ARM64.ActiveCfg = Win8 Release|Win32
		{C2F36DFF-583B-469B-9AF9-EAABB8B578C8}.Win8 Release|Win32.ActiveCfg = Win8 Release|Win32
		{C2F36DFF-583B-469B-9AF9-EAABB8B578C8}.Win8 Release|Win32.Build.0 = Win8 Release|Win32
		{C2F36DFF-583B-469B-9AF9-EAABB8B578C8}.Win8 Release|Win32.Deploy.0 = Win8 Release|Win32
		{C2F36DFF-583B-469B-9AF9-EAABB8B578C8}.Win8 Release|x64.ActiveCfg = Win8 Release|x64
		{C2F36DFF-583B-469B-9AF9-EAABB8B578C8}.Win8 Release|x64.Build.0 = Win8 Release|x64
		{C2F36DFF-583B-469B-9AF9-EAABB8B578C8}.Win8 Release|x64.Deploy.0 = Win8 Release|x64
		{C2F36DFF-583B-469B-9AF9-EAABB8B578C8}.Win8.1 Debug|ARM.ActiveCfg = Win8.1 Debug|Win32
		{C2F36DFF-583B-469B-9AF9-EAABB8B578C8}.Win8.1 Debug|ARM64.ActiveCfg = Win8.1 Debug|Win32
		{C2F36DFF-583B-469B-9AF9-EAABB8B578C8}.Win8.1 Debug|Win32.ActiveCfg = Win8.1 Debug|Win32
		{C2F36DFF-583B-469B-9AF9-EAABB8B578C8}.Win8.1 Debug|Win32.Build.0 = Win8.1 Debug|Win32
		{C2F36DFF-583B-469B-9AF9-EAABB8B578C8}.Win8.1 Debug|Win32.Deploy.0 = Win8.1 Debug|Win32
		{C2F36DFF-583B-469B-9AF9-EAABB8B578C8}.Win8.1 Debug|x64.ActiveCfg = Win8.1 Debug|x64
		{C2F36DFF-583B-469B-9AF9-EAABB8B578C8}.Win8.1 Debug|x64.Build.0 = Win8.1 Debug|x64
		{C2F36DFF-583B-469B-9AF9-EAABB8B578C8}.Win8.1 Debug|x64.Deploy.0 = Win8.1 Debug|x64
		{C2F36DFF-583B-469B-9AF9-EAABB8B578C8}.Win8.1 Release|ARM.ActiveCfg = Win8.1 Release|Win32
		{C2F36DFF-583B-469B-9AF9-EAABB8B578C8}.Win8.1 Release|ARM64.ActiveCfg = Win8.1 Release|Win32
		{C2F36DFF-583B-469B-9AF9-EAABB8B578C8}.Win8.1 Release|Win32.ActiveCfg = Win8.1 Release|Win32
		{C2F36DFF-583B-469B-9AF9-EAABB8B578C8}.Win8.1 Release|Win32.Build.0 = Win8.1 Release|Win32
		{C2F36DFF-583B-469B-9AF9-EAABB8B578C8}.Win8.1 Release|Win32.Deploy.0 = Win8.1 Release|Win32
		{C2F36DFF-583B-469B-9AF9-EAABB8B578C8}.Win8.1 Release|x64.ActiveCfg = Win8.1 Release|x64
		{C2F36DFF-583B-469B-9AF9-EAABB8B578C8}.Win8.1 Release|x64.Build.0 = Win8.1 Release|x64
		{C2F36DFF-583B-469B-9AF9-EAABB8B578C8}.Win8.1 Release|x64.Deploy.0 = Win8.1 Release|x64
		{D39C1884-72B0-44EE-A37A-70F77B452237}.Debug|ARM.ActiveCfg = Debug|ARM
		{D39C1884-72B0-44EE-A37A-70F77B452237}.Debug|ARM.Build.0 = Debug|ARM
		{D39C1884-72B0-44EE-A37A-70F77B452237}.Debug|ARM.Deploy.0 = Debug|ARM
		{D39C1884-72B0-44EE-A37A-70F77B452237}.Debug|ARM64.ActiveCfg = Debug|ARM64
		{D39C1884-72B0-44EE-A37A-70F77B452237}.Debug|ARM64.Build.0 = Debug|ARM64
		{D39C1884-72B0-44EE-A37A-70F77B452237}.Debug|ARM64.Deploy.0 = Debug|ARM64
		{D39C1884-72B0-44EE-A37A-70F77B452237}.Debug|Win32.ActiveCfg = Debug|Win32
		{D39C1884-72B0-44EE-A37A-70F77B452237}.Debug|Win32.Build.0 = Debug|Win32
		{D39C1884-72B0-44EE-A37A-70F77B452237}.Debug|Win32.Deploy.0 = Debug|Win32
		{D39C1884-72B0-44EE-A37A-70F77B452237}.Debug|x64.ActiveCfg = Debug|x64
		{D39C1884-72B0-44EE-A37A-70F77B452237}.Debug|x64.Build.0 = Debug|x64
		{D39C1884-72B0-44EE-A37A-70F77B452237}.Debug|x64.Deploy.0 = Debug|x64
		{D39C1884-72B0-44EE-A37A-70F77B452237}.Release|ARM.ActiveCfg = Release|ARM
		{D39C1884-72B0-44EE-A37A-70F77B452237}.Release|ARM.Build.0 = Release|ARM
		{D39C1884-72B0-44EE-A37A-70F77B452237}.Release|ARM.Deploy.0 = Release|ARM
		{D39C1884-72B0-44EE-A37A-70F77B452237}.Release|ARM64.ActiveCfg = Release|ARM64
		{D39C1884-72B0-44EE-A37A-70F77B452237}.Release|ARM64.Build.0 = Release|ARM64
		{D39C1884-72B0-44EE-A37A-70F77B452237}.Release|ARM64.Deploy.0 = Release|ARM64
		{D39C1884-72B0-44EE-A37A-70F77B452237}.Release|Win32.ActiveCfg = Release|Win32
		{D39C1884-72B0-44EE-A37A-70F77B452237}.Release|Win32.Build.0 = Release|Win32
		{D39C1884-72B0-44EE-A37A-70F77B452237}.Release|Win32.Deploy.0 = Release|Win32
		{D39C1884-72B0-44EE-A37A-70F77B452237}.Release|x64.ActiveCfg = Release|x64
		{D39C1884-72B0-44EE-A37A-70F77B452237}.Release|x64.Build.0 = Release|x64
		{D39C1884-72B0-44EE-A37A-70F77B452237}.Release|x64.Deploy.0 = Release|x64
		{D39C1884-72B0-44EE-A37A-70F77B452237}.Win7 Debug|ARM.ActiveCfg = Debug|ARM
		{D39C1884-72B0-44EE-A37A-70F77B452237}.Win7 Debug|ARM.Build.0 = Debug|ARM
		{D39C1884-72B0-44EE-A37A-70F77B452237}.Win7 Debug|ARM.Deploy.0 = Debug|ARM
		{D39C1884-72B0-44EE-A37A-70F77B452237}.Win7 Debug|ARM64.ActiveCfg = Debug|ARM64
		{D39C1884-72B0-44EE-A37A-70F77B452237}.Win7 Debug|ARM64.Build.0 = Debug|ARM64
		{D39C1884-72B0-44EE-A37A-70F77B452237}.Win7 Debug|ARM64.Deploy.0 = Debug|ARM64
		{D39C1884-72B0-44EE-A37A-70F77B452237}.Win7 Debug|Win32.ActiveCfg = Debug|Win32
		{D39C1884-72B0-44EE-A37A-70F77B452237}.Win7 Debug|Win32.Build.0 = Debug|Win32
		{D39C1884-72B0-44EE-A37A-70F77B452237}.Win7 Debug|Win32.Deploy.0 = Debug|Win32
		{D39C1884-72B0-44EE-A37A-70F77B452237}.Win7 Debug|x64.ActiveCfg = Debug|x64
		{D39C1884-72B0-44EE-A37A-70F77B452237}.Win7 Debug|x64.Build.0 = Debug|x64
		{D39C1884-72B0-44EE-A37A-70F77B452237}.Win7 Debug|x64.Deploy.0 = Debug|x64
		{D39C1884-72B0-44EE-A37A-70F77B452237}.Win7 Release|ARM.ActiveCfg = Release|ARM
		{D39C1884-72B0-44EE-A37A-70F77B452237}.Win7 Release|ARM.Build.0 = Release|ARM
		{D39C1884-72B0-44EE-A37A-70F77B452237}.Win7 Release|ARM.Deploy.0 = Release|ARM
		{D39C1884-72B0-44EE-A37A-70F77B452237}.Win7 Release|ARM64.ActiveCfg = Release|ARM64
		{D39C1884-72B0-44EE-A37A-70F77B452237}.Win7 Release|ARM64.Build.0 = Release|ARM64
		{D39C1884-72B0-44EE-A37A-70F77B452237}.Win7 Release|ARM64.Deploy.0 = Release|ARM64
		{D39C1884-72B0-44EE-A37A-70F77B452237}.Win7 Release|Win32.ActiveCfg = Release|Win32
		{D39C1884-72B0-44EE-A37A-70F77B452237}.Win7 Release|Win32.Build.0 = Release|Win32
		{D39C1884-72B0-44EE-A37A-70F77B452237}.Win7 Release|Win32.Deploy.0 = Release|Win32
		{D39C1884-72B0-44EE-A37A-70F77B452237}.Win7 Release|x64.ActiveCfg = Release|x64
		{D39C1884-72B0-44EE-A37A-70F77B452237}.Win7 Release|x64.Build.0 = Release|x64
		{D39C1884-72B0-44EE-A37A-70F77B452237}.Win7 Release|x64.Deploy.0 = Release|x64
		{D39C1884-72B0-44EE-A37A-70F77B452237}.Win8 Debug|ARM.ActiveCfg = Debug|ARM
		{D39C1884-72B0-44EE-A37A-70F77B452237}.Win8 Debug|ARM.Build.0 = Debug|ARM
		{D39C1884-72B0-44EE-A37A-70F77B452237}.Win8 Debug|ARM.Deploy.0 = Debug|ARM
		{D39C1884-72B0-44EE-A37A-70F77B452237}.Win8 Debug|ARM64.ActiveCfg = Debug|ARM64
		{D39C1884-72B0-44EE-A37A-70F77B452237}.Win8 Debug|ARM64.Build.0 = Debug|ARM64
		{D39C1884-72B0-44EE-A37A-70F77B452237}.Win8 Debug|ARM64.Deploy.0 = Debug|ARM64
		{D39C1884-72B0-44EE-A37A-70F77B452237}.Win8 Debug|Win32.ActiveCfg = Debug|Win32
		{D39C1884-72B0-44EE-A37A-70F77B452237}.Win8 Debug|Win32.Build.0 = Debug|Win32
		{D39C1884-72B0-44EE-A37A-70F77B452237}.Win8 Debug|Win32.Deploy.0 = Debug|Win32
		{D39C1884-72B0-44EE-A37A-70F77B452237}.Win8 Debug|x64.ActiveCfg = Debug|x64
		{D39C1884-72B0-44EE-A37A-70F77B452237}.Win8 Debug|x64.Build.0 = Debug|x64
		{D39C1884-72B0-44EE-A37A-70F77B452237}.Win8 Debug|x64.Deploy.0 = Debug|x64
		{D39C1884-72B0-44EE-A37A-70F77B452237}.Win8 Release|ARM.ActiveCfg = Release|ARM
		{D39C1884-72B0-44EE-A37A-70F77B452237}.Win8 Release|ARM.Build.0 = Release|ARM
		{D39C1884-72B0-44EE-A37A-70F77B452237}.Win8 Release|ARM.Deploy.0 = Release|ARM
		{D39C1884-72B0-44EE-A37A-70F77B452237}.Win8 Release|ARM64.ActiveCfg = Release|ARM64
		{D39C1884-72B0-44EE-A37A-70F77B452237}.Win8 Release|ARM64.Build.0 = Release|ARM64
		{D39C1884-72B0-44EE-A37A-70F77B452237}.Win8 Release|ARM64.Deploy.0 = Release|ARM64
		{D39C1884-72B0-44EE-A37A-70F77B452237}.Win8 Release|Win32.ActiveCfg = Release|Win32
		{D39C1884-72B0-44EE-A37A-70F77B452237}.Win8 Release|Win32.Build.0 = Release|Win32
		{D39C1884-72B0-44EE-A37A-70F77B452237}.Win8 Release|Win32.Deploy.0 = Release|Win32
		{D39C1884-72B0-44EE-A37A-70F77B452237}.Win8 Release|x64.ActiveCfg = Release|x64
		{D39C1884-72B0-44EE-A37A-70F77B452237}.Win8 Release|x64.Build.0 = Release|x64
		{D39C1884-72B0-44EE-A37A-70F77B452237}.Win8 Release|x64.Deploy.0 = Release|x64
		{D39C1884-72B0-44EE-A37A-70F77B452237}.Win8.1 Debug|ARM.ActiveCfg = Debug|ARM
		{D39C1884-72B0-44EE-A37A-70F77B452237}.Win8.1 Debug|ARM.Build.0 = Debug|ARM
		{D39C1884-72B0-44EE-A37A-70F77B452237}.Win8.1 Debug|ARM.Deploy.0 = Debug|ARM
		{D39C1884-72B0-44EE-A37A-70F77B452237}.Win8.1 Debug|ARM64.ActiveCfg = Debug|ARM64
		{D39C1884-72B0-44EE-A37A-70F77B452237}.Win8.1 Debug|ARM64.Build.0 = Debug|ARM64
		{D39C1884-72B0-44EE-A37A-70F77B452237}.Win8.1 Debug|ARM64.Deploy.0 = Debug|ARM64
		{D39C1884-72B0-44EE-A37A-70F77B452237}.Win8.1 Debug|Win32.ActiveCfg = Debug|Win32
		{D39C1884-72B0-44EE-A37A-70F77B452237}.Win8.1 Debug|Win32.Build.0 = Debug|Win32
		{D39C1884-72B0-44EE-A37A-70F77B452237}.Win8.1 Debug|Win32.Deploy.0 = Debug|Win32
		{D39C1884-72B0-44EE-A37A-70F77B452237}.Win8.1 Debug|x64.ActiveCfg = Debug|x64
		{D39C1884-72B0-44EE-A37A-70F77B452237}.Win8.1 Debug|x64.Build.0 = Debug|x64
		{D39C1884-72B0-44EE-A37A-70F77B452237}.Win8.1 Debug|x64.Deploy.0 = Debug|x64
		{D39C1884-72B0-44EE-A37A-70F77B452237}.Win8.1 Release|ARM.ActiveCfg = Release|ARM
		{D39C1884-72B0-44EE-A37A-70F77B452237}.Win8.1 Release|ARM.Build.0 = Release|ARM
		{D39C1884-72B0-44EE-A37A-70F77B452237}.Win8.1 Release|ARM.Deploy.0 = Release|ARM
		{D39C1884-72B0-44EE-A37A-70F77B452237}.Win8.1 Release|ARM64.ActiveCfg = Release|ARM64
		{D39C1884-72B0-44EE-A37A-70F77B452237}.Win8.1 Release|ARM64.Build.0 = Release|ARM64
		{D39C1884-72B0-44EE-A37A-70F77B452237}.Win8.1 Release|ARM64.Deploy.0 = Release|ARM64
		{D39C1884-72B0-44EE-A37A-70F77B452237}.Win8.1 Release|Win32.ActiveCfg = Release|Win32
		{D39C1884-72B0-44EE-A37A-70F77B452237}.Win8.1 Release|Win32.Build.0 = Release|Win32
		{D39C1884-72B0-44EE-A37A-70F77B452237}.Win8.1 Release|Win32.Deploy.0 = Release|Win32
		{D39C1884-72B0-44EE-A37A-70F77B452237}.Win8.1 Release|x64.ActiveCfg = Release|x64
		{D39C1884-72B0-44EE-A37A-70F77B452237}.Win8.1 Release|x64.Build.0 = Release|x64
		{D39C1884-72B0-44EE-A37A-70F77B452237}.Win8.1 Release|x64.Deploy.0 = Release|x64
		{1987FD8F-C830-4AC5-9150-56F78A9A6129}.Debug|ARM.ActiveCfg = Debug|Win32
		{1987FD8F-C830-4AC5-9150-56F78A9A6129}.Debug|ARM64.ActiveCfg = Debug|Win32
		{1987FD8F-C830-4AC5-9150-56F78A9A6129}.Debug|Win32.ActiveCfg = Debug|Win32
		{1987FD8F-C830-4AC5-9150-56F78A9A6129}.Debug|Win32.Build.0 = Debug|Win32
		{1987FD8F-C830-4AC5-9150-56F78A9A6129}.Debug|x64.ActiveCfg = Debug|x64
		{1987FD8F-C830-4AC5-9150-56F78A9A6129}.Debug|x64.Build.0 = Debug|x64
		{1987FD8F-C830-4AC5-9150-56F78A9A6129}.Debug|x64.Deploy.0 = Debug|x64
		{1987FD8F-C830-4AC5-9150-56F78A9A6129}.Release|ARM.ActiveCfg = Release|Win32
		{1987FD8F-C830-4AC5-9150-56F78A9A6129}.Release|ARM64.ActiveCfg = Release|Win32
		{1987FD8F-C830-4AC5-9150-56F78A9A6129}.Release|Win32.ActiveCfg = Release|Win32
		{1987FD8F-C830-4AC5-9150-56F78A9A6129}.Release|Win32.Build.0 = Release|Win32
		{1987FD8F-C830-4AC5-9150-56F78A9A6129}.Release|x64.ActiveCfg = Release|x64
		{1987FD8F-C830-4AC5-9150-56F78A9A6129}.Release|x64.Build.0 = Release|x64
		{1987FD8F-C830-4AC5-9150-56F78A9A6129}.Release|x64.Deploy.0 = Release|x64
		{1987FD8F-C830-4AC5-9150-56F78A9A6129}.Win7 Debug|ARM.ActiveCfg = Release|x64
		{1987FD8F-C830-4AC5-9150-56F78A9A6129}.Win7 Debug|ARM.Build.0 = Release|x64
		{1987FD8F-C830-4AC5-9150-56F78A9A6129}.Win7 Debug|ARM.Deploy.0 = Release|x64
		{1987FD8F-C830-4AC5-9150-56F78A9A6129}.Win7 Debug|ARM64.ActiveCfg = Release|x64
		{1987FD8F-C830-4AC5-9150-56F78A9A6129}.Win7 Debug|ARM64.Build.0 = Release|x64
		{1987FD8F-C830-4AC5-9150-56F78A9A6129}.Win7 Debug|ARM64.Deploy.0 = Release|x64
		{1987FD8F-C830-4AC5-9150-56F78A9A6129}.Win7 Debug|Win32.ActiveCfg = Debug|Win32
		{1987FD8F-C830-4AC5-9150-56F78A9A6129}.Win7 Debug|Win32.Build.0 = Debug|Win32
		{1987FD8F-C830-4AC5-9150-56F78A9A6129}.Win7 Debug|x64.ActiveCfg = Debug|x64
		{1987FD8F-C830-4AC5-9150-56F78A9A6129}.Win7 Debug|x64.Build.0 = Debug|x64
		{1987FD8F-C830-4AC5-9150-56F78A9A6129}.Win7 Debug|x64.Deploy.0 = Debug|x64
		{1987FD8F-C830-4AC5-9150-56F78A9A6129}.Win7 Release|ARM.ActiveCfg = Release|x64
		{1987FD8F-C830-4AC5-9150-56F78A9A6129}.Win7 Release|ARM.Build.0 = Release|x64
		{1987FD8F-C830-4AC5-9150-56F78A9A6129}.Win7 Release|ARM.Deploy.0 = Release|x64
		{1987FD8F-C830-4AC5-9150-56F78A9A6129}.Win7 Release|ARM64.ActiveCfg = Release|x64
		{1987FD8F-C830-4AC5-9150-56F78A9A6129}.Win7 Release|ARM64.Build.0 = Release|x64
		{1987FD8F-C830-4AC5-9150-56F78A9A6129}.Win7 Release|ARM64.Deploy.0 = Release|x64
		{1987FD8F-C830-4AC5-9150-56F78A9A6129}.Win7 Release|Win32.ActiveCfg = Release|Win32
		{1987FD8F-C830-4AC5-9150-56F78A9A6129}.Win7 Release|Win32.Build.0 = Release|Win32
		{1987FD8F-C830-4AC5-9150-56F78A9A6129}.Win7 Release|x64.ActiveCfg = Release|x64
		{1987FD8F-C830-4AC5-9150-56F78A9A6129}.Win7 Release|x64.Build.0 = Release|x64
		{1987FD8F-C830-4AC5-9150-56F78A9A6129}.Win7 Release|x64.Deploy.0 = Release|x64
		{1987FD8F-C830-4AC5-9150-56F78A9A6129}.Win8 Debug|ARM.ActiveCfg = Release|x64
		{1987FD8F-C830-4AC5-9150-56F78A9A6129}.Win8 Debug|ARM.Build.0 = Release|x64
		{1987FD8F-C830-4AC5-9150-56F78A9A6129}.Win8 Debug|ARM.Deploy.0 = Release|x64
		{1987FD8F-C830-4AC5-9150-56F78A9A6129}.Win8 Debug|ARM64.ActiveCfg = Release|x64
		{1987FD8F-C830-4AC5-9150-56F78A9A6129}.Win8 Debug|ARM64.Build.0 = Release|x64
		{1987FD8F-C830-4AC5-9150-56F78A9A6129}.Win8 Debug|ARM64.Deploy.0 = Release|x64
		{1987FD8F-C830-4AC5-9150-56F78A9A6129}.Win8 Debug|Win32.ActiveCfg = Debug|Win32
		{1987FD8F-C830-4AC5-9150-56F78A9A6129}.Win8 Debug|Win32.Build.0 = Debug|Win32
		{1987FD8F-C830-4AC5-9150-56F78A9A6129}.Win8 Debug|x64.ActiveCfg = Debug|x64
		{1987FD8F-C830-4AC5-9150-56F78A9A6129}.Win8 Debug|x64.Build.0 = Debug|x64
		{1987FD8F-C830-4AC5-9150-56F78A9A6129}.Win8 Debug|x64.Deploy.0 = Debug|x64
		{1987FD8F-C830-4AC5-9150-56F78A9A6129}.Win8 Release|ARM.ActiveCfg = Release|x64
		{1987FD8F-C830-4AC5-9150-56F78A9A6129}.Win8 Release|ARM.Build.0 = Release|x64
		{1987FD8F-C830-4AC5-9150-56F78A9A6129}.Win8 Release|ARM.Deploy.0 = Release|x64
		{1987FD8F-C830-4AC5-9150-56F78A9A6129}.Win8 Release|ARM64.ActiveCfg = Release|x64
		{1987FD8F-C830-4AC5-9150-56F78A9A6129}.Win8 Release|ARM64.Build.0 = Release|x64
		{1987FD8F-C830-4AC5-9150-56F78A9A6129}.Win8 Release|ARM64.Deploy.0 = Release|x64
		{1987FD8F-C830-4AC5-9150-56F78A9A6129}.Win8 Release|Win32.ActiveCfg = Release|Win32
		{1987FD8F-C830-4AC5-9150-56F78A9A6129}.Win8 Release|Win32.Build.0 = Release|Win32
		{1987FD8F-C830-4AC5-9150-56F78A9A6129}.Win8 Release|x64.ActiveCfg = Release|x64
		{1987FD8F-C830-4AC5-9150-56F78A9A6129}.Win8 Release|x64.Build.0 = Release|x64
		{1987FD8F-C830-4AC5-9150-56F78A9A6129}.Win8 Release|x64.Deploy.0 = Release|x64
		{1987FD8F-C830-4AC5-9150-56F78A9A6129}.Win8.1 Debug|ARM.ActiveCfg = Release|x64
		{1987FD8F-C830-4AC5-9150-56F78A9A6129}.Win8.1 Debug|ARM.Build.0 = Release|x64
		{1987FD8F-C830-4AC5-9150-56F78A9A6129}.Win8.1 Debug|ARM.Deploy.0 = Release|x64
		{1987FD8F-C830-4AC5-9150-56F78A9A6129}.Win8.1 Debug|ARM64.ActiveCfg = Release|x64
		{1987FD8F-C830-4AC5-9150-56F78A9A6129}.Win8.1 Debug|ARM64.Build.0 = Release|x64
		{1987FD8F-C830-4AC5-9150-56F78A9A6129}.Win8.1 Debug|ARM64.Deploy.0 = Release|x64
		{1987FD8F-C830-4AC5-9150-56F78A9A6129}.Win8.1 Debug|Win32.ActiveCfg = Debug|Win32
		{1987FD8F-C830-4AC5-9150-56F78A9A6129}.Win8.1 Debug|Win32.Build.0 = Debug|Win32
		{1987FD8F-C830-4AC5-9150-56F78A9A6129}.Win8.1 Debug|x64.ActiveCfg = Debug|x64
		{1987FD8F-C830-4AC5-9150-56F78A9A6129}.Win8.1 Debug|x64.Build.0 = Debug|x64
		{1987FD8F-C830-4AC5-9150-56F78A9A6129}.Win8.1 Debug|x64.Deploy.0 = Debug|x64
		{1987FD8F-C830-4AC5-9150-56F78A9A6129}.Win8.1 Release|ARM.ActiveCfg = Release|x64
		{1987FD8F-C830-4AC5-9150-56F78A9A6129}.Win8.1 Release|ARM.Build.0 = Release|x64
		{1987FD8F-C830-4AC5-9150-56F78A9A6129}.Win8.1 Release|ARM.Deploy.0 = Release|x64
		{1987FD8F-C830-4AC5-9150-56F78A9A6129}.Win8.1 Release|ARM64.ActiveCfg = Release|x64
		{1987FD8F-C830-4AC5-9150-56F78A9A6129}.Win8.1 Release|ARM64.Build.0 = Release|x64
		{1987FD8F-C830-4AC5-9150-56F78A9A6129}.Win8.1 Release|ARM64.Deploy.0 = Release|x64
		{1987FD8F-C830-4AC5-9150-56F78A9A6129}.Win8.1 Release|Win32.ActiveCfg = Release|Win32
		{1987FD8F-C830-4AC5-9150-56F78A9A6129}.Win8.1 Release|Win32.Build.0 = Release|Win32
		{1987FD8F-C830-4AC5-9150-56F78A9A6129}.Win8.1 Release|x64.ActiveCfg = Release|x64
		{1987FD8F-C830-4AC5-9150-56F78A9A6129}.Win8.1 Release|x64.Build.0 = Release|x64
		{1987FD8F-C830-4AC5-9150-56F78A9A6129}.Win8.1 Release|x64.Deploy.0 = Release|x64
	EndGlobalSection
	GlobalSection(SolutionProperties) = preSolution
		HideSolutionNode = FALSE
	EndGlobalSection
	GlobalSection(ExtensibilityGlobals) = postSolution
		SolutionGuid = {0D36DAEC-01A3-4BBF-98BC-789DF61EBAC1}
	EndGlobalSection
	GlobalSection(TeamFoundationVersionControl) = preSolution
		SccNumberOfProjects = 5
		SccEnterpriseProvider = {4CA58AB2-18FA-4F8D-95D4-32DDF27D184C}
		SccLocalPath0 = .
		SccProjectUniqueName1 = qcachecmd\\qcachecmd.vcxproj
		SccProjectName1 = qcachecmd
		SccLocalPath1 = qcachecmd
		SccProjectUniqueName2 = qcache\\qcache.vcxproj
		SccProjectName2 = qcache
		SccLocalPath2 = qcache
		SccProjectUniqueName3 = scsichk\\scsichk.vcxproj
		SccProjectName3 = scsichk
		SccLocalPath3 = scsichk
		SccProjectUniqueName4 = scsilog\\scsilog.vcxproj
		SccProjectName4 = scsilog
		SccLocalPath4 = scsilog
	EndGlobalSection
EndGlobal
